
Microsoft Visual Studio Solution File, Format Version 12.00
# Visual Studio 15
VisualStudioVersion = 15.0.26730.15
MinimumVisualStudioVersion = 10.0.40219.1
Project("{FAE04EC0-301F-11D3-BF4B-00C04F79EFBC}") = "testProject", "testProject\testProject.csproj", "{721C97CE-8811-46D2-BE16-A53B3BF9CFAC}"
EndProject
Global
	GlobalSection(SolutionConfigurationPlatforms) = preSolution
		Debug|Any CPU = Debug|Any CPU
		Release|Any CPU = Release|Any CPU
	EndGlobalSection
	GlobalSection(ProjectConfigurationPlatforms) = postSolution
		{721C97CE-8811-46D2-BE16-A53B3BF9CFAC}.Debug|Any CPU.ActiveCfg = Debug|Any CPU
		{721C97CE-8811-46D2-BE16-A53B3BF9CFAC}.Debug|Any CPU.Build.0 = Debug|Any CPU
		{721C97CE-8811-46D2-BE16-A53B3BF9CFAC}.Release|Any CPU.ActiveCfg = Release|Any CPU
		{721C97CE-8811-46D2-BE16-A53B3BF9CFAC}.Release|Any CPU.Build.0 = Release|Any CPU
	EndGlobalSection
	GlobalSection(SolutionProperties) = preSolution
		HideSolutionNode = FALSE
	EndGlobalSection
	GlobalSection(ExtensibilityGlobals) = postSolution
		SolutionGuid = {75B671B3-D974-4CAC-9A14-8CF2708FBECB}
	EndGlobalSection
EndGlobal
